
Microsoft Visual Studio Solution File, Format Version 12.00
# Visual Studio 15
VisualStudioVersion = 15.0.27130.2003
MinimumVisualStudioVersion = 10.0.40219.1
Project("{FAE04EC0-301F-11D3-BF4B-00C04F79EFBC}") = "Upi.Core", "Upi.Core\Upi.Core.csproj", "{788F3991-7E33-473F-A863-AB64BB224640}"
EndProject
Project("{FAE04EC0-301F-11D3-BF4B-00C04F79EFBC}") = "Reso.Upi.Tests", "Reso.Upi.Tests\Reso.Upi.Tests.csproj", "{F552BADA-6954-45DE-9DD7-41A91B88B348}"
EndProject
Project("{FAE04EC0-301F-11D3-BF4B-00C04F79EFBC}") = "Reso.Upi.Cli", "Reso.Upi.Cli\Reso.Upi.Cli.csproj", "{4280FC54-AAC3-4020-B4FF-D82E58816088}"
EndProject
Global
	GlobalSection(SolutionConfigurationPlatforms) = preSolution
		Debug|Any CPU = Debug|Any CPU
		Release|Any CPU = Release|Any CPU
	EndGlobalSection
	GlobalSection(ProjectConfigurationPlatforms) = postSolution
		{788F3991-7E33-473F-A863-AB64BB224640}.Debug|Any CPU.ActiveCfg = Debug|Any CPU
		{788F3991-7E33-473F-A863-AB64BB224640}.Debug|Any CPU.Build.0 = Debug|Any CPU
		{788F3991-7E33-473F-A863-AB64BB224640}.Release|Any CPU.ActiveCfg = Release|Any CPU
		{788F3991-7E33-473F-A863-AB64BB224640}.Release|Any CPU.Build.0 = Release|Any CPU
		{F552BADA-6954-45DE-9DD7-41A91B88B348}.Debug|Any CPU.ActiveCfg = Debug|Any CPU
		{F552BADA-6954-45DE-9DD7-41A91B88B348}.Debug|Any CPU.Build.0 = Debug|Any CPU
		{F552BADA-6954-45DE-9DD7-41A91B88B348}.Release|Any CPU.ActiveCfg = Release|Any CPU
		{F552BADA-6954-45DE-9DD7-41A91B88B348}.Release|Any CPU.Build.0 = Release|Any CPU
		{4280FC54-AAC3-4020-B4FF-D82E58816088}.Debug|Any CPU.ActiveCfg = Debug|Any CPU
		{4280FC54-AAC3-4020-B4FF-D82E58816088}.Debug|Any CPU.Build.0 = Debug|Any CPU
		{4280FC54-AAC3-4020-B4FF-D82E58816088}.Release|Any CPU.ActiveCfg = Release|Any CPU
		{4280FC54-AAC3-4020-B4FF-D82E58816088}.Release|Any CPU.Build.0 = Release|Any CPU
	EndGlobalSection
	GlobalSection(SolutionProperties) = preSolution
		HideSolutionNode = FALSE
	EndGlobalSection
	GlobalSection(ExtensibilityGlobals) = postSolution
		SolutionGuid = {00CC24B6-76D3-43EC-94B3-1B4EAAC9716F}
	EndGlobalSection
EndGlobal
